
Microsoft Visual Studio Solution File, Format Version 12.00
# Visual Studio Version 17
VisualStudioVersion = 17.9.34902.65
MinimumVisualStudioVersion = 10.0.40219.1
Project("{FAE04EC0-301F-11D3-BF4B-00C04F79EFBC}") = "AMST4_Carousel", "AMST4_Carousel.csproj", "{24B46FB4-7010-4DF4-8427-9ED24F7420BE}"
EndProject
Global
	GlobalSection(SolutionConfigurationPlatforms) = preSolution
		Debug|Any CPU = Debug|Any CPU
		Release|Any CPU = Release|Any CPU
	EndGlobalSection
	GlobalSection(ProjectConfigurationPlatforms) = postSolution
		{24B46FB4-7010-4DF4-8427-9ED24F7420BE}.Debug|Any CPU.ActiveCfg = Debug|Any CPU
		{24B46FB4-7010-4DF4-8427-9ED24F7420BE}.Debug|Any CPU.Build.0 = Debug|Any CPU
		{24B46FB4-7010-4DF4-8427-9ED24F7420BE}.Release|Any CPU.ActiveCfg = Release|Any CPU
		{24B46FB4-7010-4DF4-8427-9ED24F7420BE}.Release|Any CPU.Build.0 = Release|Any CPU
	EndGlobalSection
	GlobalSection(SolutionProperties) = preSolution
		HideSolutionNode = FALSE
	EndGlobalSection
	GlobalSection(ExtensibilityGlobals) = postSolution
		SolutionGuid = {6F9CA703-5637-4E61-A623-641F9AC6BE9F}
	EndGlobalSection
EndGlobal
